dependencies:
- name: postgresql
  repository: oci://registry-1.docker.io/bitnamicharts
  version: 18.5.15
- name: cert-manager
  repository: https://charts.jetstack.io
  version: v1.20.1
digest: sha256:a092be03fba28f36c0b81bf92d7001915e476d6a7faa5f938fb32d34e60413e4
generated: "2026-04-07T11:05:14.915155-07:00"
