dependencies:
- name: postgresql
  repository: oci://registry-1.docker.io/bitnamicharts
  version: 18.5.15
- name: redis
  repository: oci://registry-1.docker.io/bitnamicharts
  version: 25.3.9
- name: replicated
  repository: oci://registry.replicated.com/library
  version: 1.19.0
digest: sha256:42dc1ea9598bbccf32ffe0df141291372aa44d7e9ca4a2aaf1d9390d3793206d
generated: "2026-04-08T09:42:26.418157-07:00"
